{
  "lockfileVersion": 1,
  "workspaces": {
    "": {
      "dependencies": {
        "tailwindcss": "^4.0.12",
      },
    },
  },
  "packages": {
    "tailwindcss": ["tailwindcss@4.0.13", "", {}, "sha512-gbvFrB0fOsTv/OugXWi2PtflJ4S6/ctu6Mmn3bCftmLY/6xRsQVEJPgIIpABwpZ52DpONkCA3bEj5b54MHxF2Q=="],
  }
}
